
Microsoft Visual Studio Solution File, Format Version 12.00
# Visual Studio Version 17
VisualStudioVersion = 17.11.35312.102
MinimumVisualStudioVersion = 10.0.40219.1
Project("{FAE04EC0-301F-11D3-BF4B-00C04F79EFBC}") = "Library Management System", "Library Management System\Library Management System.csproj", "{FE90E823-A597-4107-BD3A-92F9E70CBAA9}"
EndProject
Global
	GlobalSection(SolutionConfigurationPlatforms) = preSolution
		Debug|Any CPU = Debug|Any CPU
		Release|Any CPU = Release|Any CPU
	EndGlobalSection
	GlobalSection(ProjectConfigurationPlatforms) = postSolution
		{FE90E823-A597-4107-BD3A-92F9E70CBAA9}.Debug|Any CPU.ActiveCfg = Debug|Any CPU
		{FE90E823-A597-4107-BD3A-92F9E70CBAA9}.Debug|Any CPU.Build.0 = Debug|Any CPU
		{FE90E823-A597-4107-BD3A-92F9E70CBAA9}.Release|Any CPU.ActiveCfg = Release|Any CPU
		{FE90E823-A597-4107-BD3A-92F9E70CBAA9}.Release|Any CPU.Build.0 = Release|Any CPU
	EndGlobalSection
	GlobalSection(SolutionProperties) = preSolution
		HideSolutionNode = FALSE
	EndGlobalSection
	GlobalSection(ExtensibilityGlobals) = postSolution
		SolutionGuid = {4EE2931E-AB78-47A6-8160-4D68C09F0653}
	EndGlobalSection
EndGlobal
